
Microsoft Visual Studio Solution File, Format Version 12.00
# Visual Studio Version 17
VisualStudioVersion = 17.12.35527.113
MinimumVisualStudioVersion = 10.0.40219.1
Project("{2150E333-8FDC-42A3-9474-1A3956D46DE8}") = "src", "src", "{304A001D-E7B9-4C22-BBE5-8961F4796F00}"
EndProject
Project("{2150E333-8FDC-42A3-9474-1A3956D46DE8}") = "test", "test", "{F2786DA1-FB79-42D0-9FDC-75D03DE04AA1}"
EndProject
Project("{2150E333-8FDC-42A3-9474-1A3956D46DE8}") = "API", "API", "{2A4AD0EA-0004-4227-8FED-FD2D8C94244C}"
EndProject
Project("{2150E333-8FDC-42A3-9474-1A3956D46DE8}") = "Core", "Core", "{2CB55725-81BF-4424-9E3F-DF524FD0587F}"
EndProject
Project("{2150E333-8FDC-42A3-9474-1A3956D46DE8}") = "Infrastructure", "Infrastructure", "{A8881780-E9A8-4146-A7A9-A491CBD94735}"
EndProject
Project("{2150E333-8FDC-42A3-9474-1A3956D46DE8}") = "UI", "UI", "{4B516EC3-0DE1-405D-8BB4-EE1000776393}"
EndProject
Project("{FAE04EC0-301F-11D3-BF4B-00C04F79EFBC}") = "TaskManagement.Persistence", "TaskManagement.Persistence\TaskManagement.Persistence.csproj", "{79324246-D0FF-4BC4-99E0-7ACCFE9AFDD2}"
EndProject
Project("{FAE04EC0-301F-11D3-BF4B-00C04F79EFBC}") = "TaskManagament.Domain", "TaskManagament.Domain\TaskManagament.Domain.csproj", "{77F4B816-87ED-47F3-8373-ADE357ABC6BF}"
EndProject
Project("{FAE04EC0-301F-11D3-BF4B-00C04F79EFBC}") = "TaskManagement.Application", "TaskManagement.Application\TaskManagement.Application.csproj", "{00A74D42-4D38-4D7F-A5AC-0F34CA222753}"
EndProject
Project("{FAE04EC0-301F-11D3-BF4B-00C04F79EFBC}") = "TaskManagement.Identity", "TaskManagement.Identity\TaskManagement.Identity.csproj", "{863093AC-AF90-468D-82C1-57B75FAF86D3}"
EndProject
Project("{FAE04EC0-301F-11D3-BF4B-00C04F79EFBC}") = "TaskManagement.Srv", "TaskManagement.Srv\TaskManagement.Srv.csproj", "{61F098B3-2DE0-4FC2-8EE0-F4BB78D75912}"
EndProject
Project("{FAE04EC0-301F-11D3-BF4B-00C04F79EFBC}") = "TaskManagement.Api", "TaskManagement.Api\TaskManagement.Api.csproj", "{094B567E-9073-4AC5-BD51-39AF424F515B}"
EndProject
Project("{FAE04EC0-301F-11D3-BF4B-00C04F79EFBC}") = "TaskManagement.Persistence.UnitTests", "TaskManagement.Persistence.UnitTests\TaskManagement.Persistence.UnitTests.csproj", "{A7720DDC-5AF9-4600-90D3-2D307ABF5E34}"
EndProject
Project("{FAE04EC0-301F-11D3-BF4B-00C04F79EFBC}") = "TaskManagement.Application.UnitTests", "TaskManagement.Application.UnitTests\TaskManagement.Application.UnitTests.csproj", "{E9ADCA6B-E357-4D30-8587-E1D2A034793F}"
EndProject
Global
	GlobalSection(SolutionConfigurationPlatforms) = preSolution
		Debug|Any CPU = Debug|Any CPU
		Release|Any CPU = Release|Any CPU
	EndGlobalSection
	GlobalSection(ProjectConfigurationPlatforms) = postSolution
		{79324246-D0FF-4BC4-99E0-7ACCFE9AFDD2}.Debug|Any CPU.ActiveCfg = Debug|Any CPU
		{79324246-D0FF-4BC4-99E0-7ACCFE9AFDD2}.Debug|Any CPU.Build.0 = Debug|Any CPU
		{79324246-D0FF-4BC4-99E0-7ACCFE9AFDD2}.Release|Any CPU.ActiveCfg = Release|Any CPU
		{79324246-D0FF-4BC4-99E0-7ACCFE9AFDD2}.Release|Any CPU.Build.0 = Release|Any CPU
		{77F4B816-87ED-47F3-8373-ADE357ABC6BF}.Debug|Any CPU.ActiveCfg = Debug|Any CPU
		{77F4B816-87ED-47F3-8373-ADE357ABC6BF}.Debug|Any CPU.Build.0 = Debug|Any CPU
		{77F4B816-87ED-47F3-8373-ADE357ABC6BF}.Release|Any CPU.ActiveCfg = Release|Any CPU
		{77F4B816-87ED-47F3-8373-ADE357ABC6BF}.Release|Any CPU.Build.0 = Release|Any CPU
		{00A74D42-4D38-4D7F-A5AC-0F34CA222753}.Debug|Any CPU.ActiveCfg = Debug|Any CPU
		{00A74D42-4D38-4D7F-A5AC-0F34CA222753}.Debug|Any CPU.Build.0 = Debug|Any CPU
		{00A74D42-4D38-4D7F-A5AC-0F34CA222753}.Release|Any CPU.ActiveCfg = Release|Any CPU
		{00A74D42-4D38-4D7F-A5AC-0F34CA222753}.Release|Any CPU.Build.0 = Release|Any CPU
		{863093AC-AF90-468D-82C1-57B75FAF86D3}.Debug|Any CPU.ActiveCfg = Debug|Any CPU
		{863093AC-AF90-468D-82C1-57B75FAF86D3}.Debug|Any CPU.Build.0 = Debug|Any CPU
		{863093AC-AF90-468D-82C1-57B75FAF86D3}.Release|Any CPU.ActiveCfg = Release|Any CPU
		{863093AC-AF90-468D-82C1-57B75FAF86D3}.Release|Any CPU.Build.0 = Release|Any CPU
		{61F098B3-2DE0-4FC2-8EE0-F4BB78D75912}.Debug|Any CPU.ActiveCfg = Debug|Any CPU
		{61F098B3-2DE0-4FC2-8EE0-F4BB78D75912}.Debug|Any CPU.Build.0 = Debug|Any CPU
		{61F098B3-2DE0-4FC2-8EE0-F4BB78D75912}.Release|Any CPU.ActiveCfg = Release|Any CPU
		{61F098B3-2DE0-4FC2-8EE0-F4BB78D75912}.Release|Any CPU.Build.0 = Release|Any CPU
		{094B567E-9073-4AC5-BD51-39AF424F515B}.Debug|Any CPU.ActiveCfg = Debug|Any CPU
		{094B567E-9073-4AC5-BD51-39AF424F515B}.Debug|Any CPU.Build.0 = Debug|Any CPU
		{094B567E-9073-4AC5-BD51-39AF424F515B}.Release|Any CPU.ActiveCfg = Release|Any CPU
		{094B567E-9073-4AC5-BD51-39AF424F515B}.Release|Any CPU.Build.0 = Release|Any CPU
		{A7720DDC-5AF9-4600-90D3-2D307ABF5E34}.Debug|Any CPU.ActiveCfg = Debug|Any CPU
		{A7720DDC-5AF9-4600-90D3-2D307ABF5E34}.Debug|Any CPU.Build.0 = Debug|Any CPU
		{A7720DDC-5AF9-4600-90D3-2D307ABF5E34}.Release|Any CPU.ActiveCfg = Release|Any CPU
		{A7720DDC-5AF9-4600-90D3-2D307ABF5E34}.Release|Any CPU.Build.0 = Release|Any CPU
		{E9ADCA6B-E357-4D30-8587-E1D2A034793F}.Debug|Any CPU.ActiveCfg = Debug|Any CPU
		{E9ADCA6B-E357-4D30-8587-E1D2A034793F}.Debug|Any CPU.Build.0 = Debug|Any CPU
		{E9ADCA6B-E357-4D30-8587-E1D2A034793F}.Release|Any CPU.ActiveCfg = Release|Any CPU
		{E9ADCA6B-E357-4D30-8587-E1D2A034793F}.Release|Any CPU.Build.0 = Release|Any CPU
	EndGlobalSection
	GlobalSection(SolutionProperties) = preSolution
		HideSolutionNode = FALSE
	EndGlobalSection
	GlobalSection(NestedProjects) = preSolution
		{2A4AD0EA-0004-4227-8FED-FD2D8C94244C} = {304A001D-E7B9-4C22-BBE5-8961F4796F00}
		{2CB55725-81BF-4424-9E3F-DF524FD0587F} = {304A001D-E7B9-4C22-BBE5-8961F4796F00}
		{A8881780-E9A8-4146-A7A9-A491CBD94735} = {304A001D-E7B9-4C22-BBE5-8961F4796F00}
		{4B516EC3-0DE1-405D-8BB4-EE1000776393} = {304A001D-E7B9-4C22-BBE5-8961F4796F00}
		{79324246-D0FF-4BC4-99E0-7ACCFE9AFDD2} = {A8881780-E9A8-4146-A7A9-A491CBD94735}
		{77F4B816-87ED-47F3-8373-ADE357ABC6BF} = {2CB55725-81BF-4424-9E3F-DF524FD0587F}
		{00A74D42-4D38-4D7F-A5AC-0F34CA222753} = {2CB55725-81BF-4424-9E3F-DF524FD0587F}
		{863093AC-AF90-468D-82C1-57B75FAF86D3} = {A8881780-E9A8-4146-A7A9-A491CBD94735}
		{61F098B3-2DE0-4FC2-8EE0-F4BB78D75912} = {A8881780-E9A8-4146-A7A9-A491CBD94735}
		{094B567E-9073-4AC5-BD51-39AF424F515B} = {2A4AD0EA-0004-4227-8FED-FD2D8C94244C}
		{A7720DDC-5AF9-4600-90D3-2D307ABF5E34} = {F2786DA1-FB79-42D0-9FDC-75D03DE04AA1}
		{E9ADCA6B-E357-4D30-8587-E1D2A034793F} = {F2786DA1-FB79-42D0-9FDC-75D03DE04AA1}
	EndGlobalSection
EndGlobal
